// !$*UTF8*$!
{
	archiveVersion = 1;
	classes = {
	};
	objectVersion = 50;
	objects = {

/* Begin PBXBuildFile section */
		8BEE62FF25C2FE73004FE27E /* AppDelegate.swift in Sources */ = {isa = PBXBuildFile; fileRef = 8BEE62FE25C2FE73004FE27E /* AppDelegate.swift */; };
		8BEE630125C2FE73004FE27E /* SceneDelegate.swift in Sources */ = {isa = PBXBuildFile; fileRef = 8BEE630025C2FE73004FE27E /* SceneDelegate.swift */; };
		8BEE630325C2FE73004FE27E /* ViewController.swift in Sources */ = {isa = PBXBuildFile; fileRef = 8BEE630225C2FE73004FE27E /* ViewController.swift */; };
		8BEE630625C2FE73004FE27E /* Main.storyboard in Resources */ = {isa = PBXBuildFile; fileRef = 8BEE630425C2FE73004FE27E /* Main.storyboard */; };
		8BEE630825C2FE77004FE27E /* Assets.xcassets in Resources */ = {isa = PBXBuildFile; fileRef = 8BEE630725C2FE77004FE27E /* Assets.xcassets */; };
		8BEE630B25C2FE77004FE27E /* LaunchScreen.storyboard in Resources */ = {isa = PBXBuildFile; fileRef = 8BEE630925C2FE77004FE27E /* LaunchScreen.storyboard */; };
		8BEE631625C2FE78004FE27E /* RxSwift_LoginTests.swift in Sources */ = {isa = PBXBuildFile; fileRef = 8BEE631525C2FE78004FE27E /* RxSwift_LoginTests.swift */; };
		8BEE632125C2FE78004FE27E /* RxSwift_LoginUITests.swift in Sources */ = {isa = PBXBuildFile; fileRef = 8BEE632025C2FE78004FE27E /* RxSwift_LoginUITests.swift */; };
/* End PBXBuildFile section */

/* Begin PBXContainerItemProxy section */
		8BEE631225C2FE78004FE27E /* PBXContainerItemProxy */ = {
			isa = PBXContainerItemProxy;
			containerPortal = 8BEE62F325C2FE73004FE27E /* Project object */;
			proxyType = 1;
			remoteGlobalIDString = 8BEE62FA25C2FE73004FE27E;
			remoteInfo = "RxSwift-Login";
		};
		8BEE631D25C2FE78004FE27E /* PBXContainerItemProxy */ = {
			isa = PBXContainerItemProxy;
			containerPortal = 8BEE62F325C2FE73004FE27E /* Project object */;
			proxyType = 1;
			remoteGlobalIDString = 8BEE62FA25C2FE73004FE27E;
			remoteInfo = "RxSwift-Login";
		};
/* End PBXContainerItemProxy section */

/* Begin PBXFileReference section */
		8BEE62FB25C2FE73004FE27E /* RxSwift-Login.app */ = {isa = PBXFileReference; explicitFileType = wrapper.application; includeInIndex = 0; path = "RxSwift-Login.app"; sourceTree = BUILT_PRODUCTS_DIR; };
		8BEE62FE25C2FE73004FE27E /* AppDelegate.swift */ = {isa = PBXFileReference; lastKnownFileType = sourcecode.swift; path = AppDelegate.swift; sourceTree = "<group>"; };
		8BEE630025C2FE73004FE27E /* SceneDelegate.swift */ = {isa = PBXFileReference; lastKnownFileType = sourcecode.swift; path = SceneDelegate.swift; sourceTree = "<group>"; };
		8BEE630225C2FE73004FE27E /* ViewController.swift */ = {isa = PBXFileReference; lastKnownFileType = sourcecode.swift; path = ViewController.swift; sourceTree = "<group>"; };
		8BEE630525C2FE73004FE27E /* Base */ = {isa = PBXFileReference; lastKnownFileType = file.storyboard; name = Base; path = Base.lproj/Main.storyboard; sourceTree = "<group>"; };
		8BEE630725C2FE77004FE27E /* Assets.xcassets */ = {isa = PBXFileReference; lastKnownFileType = folder.assetcatalog; path = Assets.xcassets; sourceTree = "<group>"; };
		8BEE630A25C2FE77004FE27E /* Base */ = {isa = PBXFileReference; lastKnownFileType = file.storyboard; name = Base; path = Base.lproj/LaunchScreen.storyboard; sourceTree = "<group>"; };
		8BEE630C25C2FE77004FE27E /* Info.plist */ = {isa = PBXFileReference; lastKnownFileType = text.plist.xml; path = Info.plist; sourceTree = "<group>"; };
		8BEE631125C2FE78004FE27E /* RxSwift-LoginTests.xctest */ = {isa = PBXFileReference; explicitFileType = wrapper.cfbundle; includeInIndex = 0; path = "RxSwift-LoginTests.xctest"; sourceTree = BUILT_PRODUCTS_DIR; };
		8BEE631525C2FE78004FE27E /* RxSwift_LoginTests.swift */ = {isa = PBXFileReference; lastKnownFileType = sourcecode.swift; path = RxSwift_LoginTests.swift; sourceTree = "<group>"; };
		8BEE631725C2FE78004FE27E /* Info.plist */ = {isa = PBXFileReference; lastKnownFileType = text.plist.xml; path = Info.plist; sourceTree = "<group>"; };
		8BEE631C25C2FE78004FE27E /* RxSwift-LoginUITests.xctest */ = {isa = PBXFileReference; explicitFileType = wrapper.cfbundle; includeInIndex = 0; path = "RxSwift-LoginUITests.xctest"; sourceTree = BUILT_PRODUCTS_DIR; };
		8BEE632025C2FE78004FE27E /* RxSwift_LoginUITests.swift */ = {isa = PBXFileReference; lastKnownFileType = sourcecode.swift; path = RxSwift_LoginUITests.swift; sourceTree = "<group>"; };
		8BEE632225C2FE78004FE27E /* Info.plist */ = {isa = PBXFileReference; lastKnownFileType = text.plist.xml; path = Info.plist; sourceTree = "<group>"; };
/* End PBXFileReference section */

/* Begin PBXFrameworksBuildPhase section */
		8BEE62F825C2FE73004FE27E /* Frameworks */ = {
			isa = PBXFrameworksBuildPhase;
			buildActionMask = 2147483647;
			files = (
			);
			runOnlyForDeploymentPostprocessing = 0;
		};
		8BEE630E25C2FE78004FE27E /* Frameworks */ = {
			isa = PBXFrameworksBuildPhase;
			buildActionMask = 2147483647;
			files = (
			);
			runOnlyForDeploymentPostprocessing = 0;
		};
		8BEE631925C2FE78004FE27E /* Frameworks */ = {
			isa = PBXFrameworksBuildPhase;
			buildActionMask = 2147483647;
			files = (
			);
			runOnlyForDeploymentPostprocessing = 0;
		};
/* End PBXFrameworksBuildPhase section */

/* Begin PBXGroup section */
		8BEE62F225C2FE73004FE27E = {
			isa = PBXGroup;
			children = (
				8BEE62FD25C2FE73004FE27E /* RxSwift-Login */,
				8BEE631425C2FE78004FE27E /* RxSwift-LoginTests */,
				8BEE631F25C2FE78004FE27E /* RxSwift-LoginUITests */,
				8BEE62FC25C2FE73004FE27E /* Products */,
			);
			sourceTree = "<group>";
		};
		8BEE62FC25C2FE73004FE27E /* Products */ = {
			isa = PBXGroup;
			children = (
				8BEE62FB25C2FE73004FE27E /* RxSwift-Login.app */,
				8BEE631125C2FE78004FE27E /* RxSwift-LoginTests.xctest */,
				8BEE631C25C2FE78004FE27E /* RxSwift-LoginUITests.xctest */,
			);
			name = Products;
			sourceTree = "<group>";
		};
		8BEE62FD25C2FE73004FE27E /* RxSwift-Login */ = {
			isa = PBXGroup;
			children = (
				8BEE62FE25C2FE73004FE27E /* AppDelegate.swift */,
				8BEE630025C2FE73004FE27E /* SceneDelegate.swift */,
				8BEE630225C2FE73004FE27E /* ViewController.swift */,
				8BEE630425C2FE73004FE27E /* Main.storyboard */,
				8BEE630725C2FE77004FE27E /* Assets.xcassets */,
				8BEE630925C2FE77004FE27E /* LaunchScreen.storyboard */,
				8BEE630C25C2FE77004FE27E /* Info.plist */,
			);
			path = "RxSwift-Login";
			sourceTree = "<group>";
		};
		8BEE631425C2FE78004FE27E /* RxSwift-LoginTests */ = {
			isa = PBXGroup;
			children = (
				8BEE631525C2FE78004FE27E /* RxSwift_LoginTests.swift */,
				8BEE631725C2FE78004FE27E /* Info.plist */,
			);
			path = "RxSwift-LoginTests";
			sourceTree = "<group>";
		};
		8BEE631F25C2FE78004FE27E /* RxSwift-LoginUITests */ = {
			isa = PBXGroup;
			children = (
				8BEE632025C2FE78004FE27E /* RxSwift_LoginUITests.swift */,
				8BEE632225C2FE78004FE27E /* Info.plist */,
			);
			path = "RxSwift-LoginUITests";
			sourceTree = "<group>";
		};
/* End PBXGroup section */

/* Begin PBXNativeTarget section */
		8BEE62FA25C2FE73004FE27E /* RxSwift-Login */ = {
			isa = PBXNativeTarget;
			buildConfigurationList = 8BEE632525C2FE78004FE27E /* Build configuration list for PBXNativeTarget "RxSwift-Login" */;
			buildPhases = (
				8BEE62F725C2FE73004FE27E /* Sources */,
				8BEE62F825C2FE73004FE27E /* Frameworks */,
				8BEE62F925C2FE73004FE27E /* Resources */,
			);
			buildRules = (
			);
			dependencies = (
			);
			name = "RxSwift-Login";
			productName = "RxSwift-Login";
			productReference = 8BEE62FB25C2FE73004FE27E /* RxSwift-Login.app */;
			productType = "com.apple.product-type.application";
		};
		8BEE631025C2FE78004FE27E /* RxSwift-LoginTests */ = {
			isa = PBXNativeTarget;
			buildConfigurationList = 8BEE632825C2FE78004FE27E /* Build configuration list for PBXNativeTarget "RxSwift-LoginTests" */;
			buildPhases = (
				8BEE630D25C2FE78004FE27E /* Sources */,
				8BEE630E25C2FE78004FE27E /* Frameworks */,
				8BEE630F25C2FE78004FE27E /* Resources */,
			);
			buildRules = (
			);
			dependencies = (
				8BEE631325C2FE78004FE27E /* PBXTargetDependency */,
			);
			name = "RxSwift-LoginTests";
			productName = "RxSwift-LoginTests";
			productReference = 8BEE631125C2FE78004FE27E /* RxSwift-LoginTests.xctest */;
			productType = "com.apple.product-type.bundle.unit-test";
		};
		8BEE631B25C2FE78004FE27E /* RxSwift-LoginUITests */ = {
			isa = PBXNativeTarget;
			buildConfigurationList = 8BEE632B25C2FE78004FE27E /* Build configuration list for PBXNativeTarget "RxSwift-LoginUITests" */;
			buildPhases = (
				8BEE631825C2FE78004FE27E /* Sources */,
				8BEE631925C2FE78004FE27E /* Frameworks */,
				8BEE631A25C2FE78004FE27E /* Resources */,
			);
			buildRules = (
			);
			dependencies = (
				8BEE631E25C2FE78004FE27E /* PBXTargetDependency */,
			);
			name = "RxSwift-LoginUITests";
			productName = "RxSwift-LoginUITests";
			productReference = 8BEE631C25C2FE78004FE27E /* RxSwift-LoginUITests.xctest */;
			productType = "com.apple.product-type.bundle.ui-testing";
		};
/* End PBXNativeTarget section */

/* Begin PBXProject section */
		8BEE62F325C2FE73004FE27E /* Project object */ = {
			isa = PBXProject;
			attributes = {
				LastSwiftUpdateCheck = 1230;
				LastUpgradeCheck = 1230;
				TargetAttributes = {
					8BEE62FA25C2FE73004FE27E = {
						CreatedOnToolsVersion = 12.3;
					};
					8BEE631025C2FE78004FE27E = {
						CreatedOnToolsVersion = 12.3;
						TestTargetID = 8BEE62FA25C2FE73004FE27E;
					};
					8BEE631B25C2FE78004FE27E = {
						CreatedOnToolsVersion = 12.3;
						TestTargetID = 8BEE62FA25C2FE73004FE27E;
					};
				};
			};
			buildConfigurationList = 8BEE62F625C2FE73004FE27E /* Build configuration list for PBXProject "RxSwift-Login" */;
			compatibilityVersion = "Xcode 9.3";
			developmentRegion = en;
			hasScannedForEncodings = 0;
			knownRegions = (
				en,
				Base,
			);
			mainGroup = 8BEE62F225C2FE73004FE27E;
			productRefGroup = 8BEE62FC25C2FE73004FE27E /* Products */;
			projectDirPath = "";
			projectRoot = "";
			targets = (
				8BEE62FA25C2FE73004FE27E /* RxSwift-Login */,
				8BEE631025C2FE78004FE27E /* RxSwift-LoginTests */,
				8BEE631B25C2FE78004FE27E /* RxSwift-LoginUITests */,
			);
		};
/* End PBXProject section */

/* Begin PBXResourcesBuildPhase section */
		8BEE62F925C2FE73004FE27E /* Resources */ = {
			isa = PBXResourcesBuildPhase;
			buildActionMask = 2147483647;
			files = (
				8BEE630B25C2FE77004FE27E /* LaunchScreen.storyboard in Resources */,
				8BEE630825C2FE77004FE27E /* Assets.xcassets in Resources */,
				8BEE630625C2FE73004FE27E /* Main.storyboard in Resources */,
			);
			runOnlyForDeploymentPostprocessing = 0;
		};
		8BEE630F25C2FE78004FE27E /* Resources */ = {
			isa = PBXResourcesBuildPhase;
			buildActionMask = 2147483647;
			files = (
			);
			runOnlyForDeploymentPostprocessing = 0;
		};
		8BEE631A25C2FE78004FE27E /* Resources */ = {
			isa = PBXResourcesBuildPhase;
			buildActionMask = 2147483647;
			files = (
			);
			runOnlyForDeploymentPostprocessing = 0;
		};
/* End PBXResourcesBuildPhase section */

/* Begin PBXSourcesBuildPhase section */
		8BEE62F725C2FE73004FE27E /* Sources */ = {
			isa = PBXSourcesBuildPhase;
			buildActionMask = 2147483647;
			files = (
				8BEE630325C2FE73004FE27E /* ViewController.swift in Sources */,
				8BEE62FF25C2FE73004FE27E /* AppDelegate.swift in Sources */,
				8BEE630125C2FE73004FE27E /* SceneDelegate.swift in Sources */,
			);
			runOnlyForDeploymentPostprocessing = 0;
		};
		8BEE630D25C2FE78004FE27E /* Sources */ = {
			isa = PBXSourcesBuildPhase;
			buildActionMask = 2147483647;
			files = (
				8BEE631625C2FE78004FE27E /* RxSwift_LoginTests.swift in Sources */,
			);
			runOnlyForDeploymentPostprocessing = 0;
		};
		8BEE631825C2FE78004FE27E /* Sources */ = {
			isa = PBXSourcesBuildPhase;
			buildActionMask = 2147483647;
			files = (
				8BEE632125C2FE78004FE27E /* RxSwift_LoginUITests.swift in Sources */,
			);
			runOnlyForDeploymentPostprocessing = 0;
		};
/* End PBXSourcesBuildPhase section */

/* Begin PBXTargetDependency section */
		8BEE631325C2FE78004FE27E /* PBXTargetDependency */ = {
			isa = PBXTargetDependency;
			target = 8BEE62FA25C2FE73004FE27E /* RxSwift-Login */;
			targetProxy = 8BEE631225C2FE78004FE27E /* PBXContainerItemProxy */;
		};
		8BEE631E25C2FE78004FE27E /* PBXTargetDependency */ = {
			isa = PBXTargetDependency;
			target = 8BEE62FA25C2FE73004FE27E /* RxSwift-Login */;
			targetProxy = 8BEE631D25C2FE78004FE27E /* PBXContainerItemProxy */;
		};
/* End PBXTargetDependency section */

/* Begin PBXVariantGroup section */
		8BEE630425C2FE73004FE27E /* Main.storyboard */ = {
			isa = PBXVariantGroup;
			children = (
				8BEE630525C2FE73004FE27E /* Base */,
			);
			name = Main.storyboard;
			sourceTree = "<group>";
		};
		8BEE630925C2FE77004FE27E /* LaunchScreen.storyboard */ = {
			isa = PBXVariantGroup;
			children = (
				8BEE630A25C2FE77004FE27E /* Base */,
			);
			name = LaunchScreen.storyboard;
			sourceTree = "<group>";
		};
/* End PBXVariantGroup section */

/* Begin XCBuildConfiguration section */
		8BEE632325C2FE78004FE27E /* Debug */ = {
			isa = XCBuildConfiguration;
			buildSettings = {
				ALWAYS_SEARCH_USER_PATHS = NO;
				CLANG_ANALYZER_NONNULL = YES;
				CLANG_ANALYZER_NUMBER_OBJECT_CONVERSION = YES_AGGRESSIVE;
				CLANG_CXX_LANGUAGE_STANDARD = "gnu++14";
				CLANG_CXX_LIBRARY = "libc++";
				CLANG_ENABLE_MODULES = YES;
				CLANG_ENABLE_OBJC_ARC = YES;
				CLANG_ENABLE_OBJC_WEAK = YES;
				CLANG_WARN_BLOCK_CAPTURE_AUTORELEASING = YES;
				CLANG_WARN_BOOL_CONVERSION = YES;
				CLANG_WARN_COMMA = YES;
				CLANG_WARN_CONSTANT_CONVERSION = YES;
				CLANG_WARN_DEPRECATED_OBJC_IMPLEMENTATIONS = YES;
				CLANG_WARN_DIRECT_OBJC_ISA_USAGE = YES_ERROR;
				CLANG_WARN_DOCUMENTATION_COMMENTS = YES;
				CLANG_WARN_EMPTY_BODY = YES;
				CLANG_WARN_ENUM_CONVERSION = YES;
				CLANG_WARN_INFINITE_RECURSION = YES;
				CLANG_WARN_INT_CONVERSION = YES;
				CLANG_WARN_NON_LITERAL_NULL_CONVERSION = YES;
				CLANG_WARN_OBJC_IMPLICIT_RETAIN_SELF = YES;
				CLANG_WARN_OBJC_LITERAL_CONVERSION = YES;
				CLANG_WARN_OBJC_ROOT_CLASS = YES_ERROR;
				CLANG_WARN_QUOTED_INCLUDE_IN_FRAMEWORK_HEADER = YES;
				CLANG_WARN_RANGE_LOOP_ANALYSIS = YES;
				CLANG_WARN_STRICT_PROTOTYPES = YES;
				CLANG_WARN_SUSPICIOUS_MOVE = YES;
				CLANG_WARN_UNGUARDED_AVAILABILITY = YES_AGGRESSIVE;
				CLANG_WARN_UNREACHABLE_CODE = YES;
				CLANG_WARN__DUPLICATE_METHOD_MATCH = YES;
				COPY_PHASE_STRIP = NO;
				DEBUG_INFORMATION_FORMAT = dwarf;
				ENABLE_STRICT_OBJC_MSGSEND = YES;
				ENABLE_TESTABILITY = YES;
				GCC_C_LANGUAGE_STANDARD = gnu11;
				GCC_DYNAMIC_NO_PIC = NO;
				GCC_NO_COMMON_BLOCKS = YES;
				GCC_OPTIMIZATION_LEVEL = 0;
				GCC_PREPROCESSOR_DEFINITIONS = (
					"DEBUG=1",
					"$(inherited)",
				);
				GCC_WARN_64_TO_32_BIT_CONVERSION = YES;
				GCC_WARN_ABOUT_RETURN_TYPE = YES_ERROR;
				GCC_WARN_UNDECLARED_SELECTOR = YES;
				GCC_WARN_UNINITIALIZED_AUTOS = YES_AGGRESSIVE;
				GCC_WARN_UNUSED_FUNCTION = YES;
				GCC_WARN_UNUSED_VARIABLE = YES;
				IPHONEOS_DEPLOYMENT_TARGET = 14.3;
				MTL_ENABLE_DEBUG_INFO = INCLUDE_SOURCE;
				MTL_FAST_MATH = YES;
				ONLY_ACTIVE_ARCH = YES;
				SDKROOT = iphoneos;
				SWIFT_ACTIVE_COMPILATION_CONDITIONS = DEBUG;
				SWIFT_OPTIMIZATION_LEVEL = "-Onone";
			};
			name = Debug;
		};
		8BEE632425C2FE78004FE27E /* Release */ = {
			isa = XCBuildConfiguration;
			buildSettings = {
				ALWAYS_SEARCH_USER_PATHS = NO;
				CLANG_ANALYZER_NONNULL = YES;
				CLANG_ANALYZER_NUMBER_OBJECT_CONVERSION = YES_AGGRESSIVE;
				CLANG_CXX_LANGUAGE_STANDARD = "gnu++14";
				CLANG_CXX_LIBRARY = "libc++";
				CLANG_ENABLE_MODULES = YES;
				CLANG_ENABLE_OBJC_ARC = YES;
				CLANG_ENABLE_OBJC_WEAK = YES;
				CLANG_WARN_BLOCK_CAPTURE_AUTORELEASING = YES;
				CLANG_WARN_BOOL_CONVERSION = YES;
				CLANG_WARN_COMMA = YES;
				CLANG_WARN_CONSTANT_CONVERSION = YES;
				CLANG_WARN_DEPRECATED_OBJC_IMPLEMENTATIONS = YES;
				CLANG_WARN_DIRECT_OBJC_ISA_USAGE = YES_ERROR;
				CLANG_WARN_DOCUMENTATION_COMMENTS = YES;
				CLANG_WARN_EMPTY_BODY = YES;
				CLANG_WARN_ENUM_CONVERSION = YES;
				CLANG_WARN_INFINITE_RECURSION = YES;
				CLANG_WARN_INT_CONVERSION = YES;
				CLANG_WARN_NON_LITERAL_NULL_CONVERSION = YES;
				CLANG_WARN_OBJC_IMPLICIT_RETAIN_SELF = YES;
				CLANG_WARN_OBJC_LITERAL_CONVERSION = YES;
				CLANG_WARN_OBJC_ROOT_CLASS = YES_ERROR;
				CLANG_WARN_QUOTED_INCLUDE_IN_FRAMEWORK_HEADER = YES;
				CLANG_WARN_RANGE_LOOP_ANALYSIS = YES;
				CLANG_WARN_STRICT_PROTOTYPES = YES;
				CLANG_WARN_SUSPICIOUS_MOVE = YES;
				CLANG_WARN_UNGUARDED_AVAILABILITY = YES_AGGRESSIVE;
				CLANG_WARN_UNREACHABLE_CODE = YES;
				CLANG_WARN__DUPLICATE_METHOD_MATCH = YES;
				COPY_PHASE_STRIP = NO;
				DEBUG_INFORMATION_FORMAT = "dwarf-with-dsym";
				ENABLE_NS_ASSERTIONS = NO;
				ENABLE_STRICT_OBJC_MSGSEND = YES;
				GCC_C_LANGUAGE_STANDARD = gnu11;
				GCC_NO_COMMON_BLOCKS = YES;
				GCC_WARN_64_TO_32_BIT_CONVERSION = YES;
				GCC_WARN_ABOUT_RETURN_TYPE = YES_ERROR;
				GCC_WARN_UNDECLARED_SELECTOR = YES;
				GCC_WARN_UNINITIALIZED_AUTOS = YES_AGGRESSIVE;
				GCC_WARN_UNUSED_FUNCTION = YES;
				GCC_WARN_UNUSED_VARIABLE = YES;
				IPHONEOS_DEPLOYMENT_TARGET = 14.3;
				MTL_ENABLE_DEBUG_INFO = NO;
				MTL_FAST_MATH = YES;
				SDKROOT = iphoneos;
				SWIFT_COMPILATION_MODE = wholemodule;
				SWIFT_OPTIMIZATION_LEVEL = "-O";
				VALIDATE_PRODUCT = YES;
			};
			name = Release;
		};
		8BEE632625C2FE78004FE27E /* Debug */ = {
			isa = XCBuildConfiguration;
			buildSettings = {
				ASSETCATALOG_COMPILER_APPICON_NAME = AppIcon;
				ASSETCATALOG_COMPILER_GLOBAL_ACCENT_COLOR_NAME = AccentColor;
				CODE_SIGN_STYLE = Automatic;
				DEVELOPMENT_TEAM = VB5KPC8TUV;
				ENABLE_HARDENED_RUNTIME = YES;
				INFOPLIST_FILE = "RxSwift-Login/Info.plist";
				LD_RUNPATH_SEARCH_PATHS = (
					"$(inherited)",
					"@executable_path/Frameworks",
				);
				PRODUCT_BUNDLE_IDENTIFIER = "io.github.92pino.RxSwift-Login";
				PRODUCT_NAME = "$(TARGET_NAME)";
				SWIFT_VERSION = 5.0;
				TARGETED_DEVICE_FAMILY = "1,2";
			};
			name = Debug;
		};
		8BEE632725C2FE78004FE27E /* Release */ = {
			isa = XCBuildConfiguration;
			buildSettings = {
				ASSETCATALOG_COMPILER_APPICON_NAME = AppIcon;
				ASSETCATALOG_COMPILER_GLOBAL_ACCENT_COLOR_NAME = AccentColor;
				CODE_SIGN_STYLE = Automatic;
				DEVELOPMENT_TEAM = VB5KPC8TUV;
				ENABLE_HARDENED_RUNTIME = YES;
				INFOPLIST_FILE = "RxSwift-Login/Info.plist";
				LD_RUNPATH_SEARCH_PATHS = (
					"$(inherited)",
					"@executable_path/Frameworks",
				);
				PRODUCT_BUNDLE_IDENTIFIER = "io.github.92pino.RxSwift-Login";
				PRODUCT_NAME = "$(TARGET_NAME)";
				SWIFT_VERSION = 5.0;
				TARGETED_DEVICE_FAMILY = "1,2";
			};
			name = Release;
		};
		8BEE632925C2FE78004FE27E /* Debug */ = {
			isa = XCBuildConfiguration;
			buildSettings = {
				ALWAYS_EMBED_SWIFT_STANDARD_LIBRARIES = YES;
				BUNDLE_LOADER = "$(TEST_HOST)";
				CODE_SIGN_STYLE = Automatic;
				DEVELOPMENT_TEAM = VB5KPC8TUV;
				INFOPLIST_FILE = "RxSwift-LoginTests/Info.plist";
				IPHONEOS_DEPLOYMENT_TARGET = 14.3;
				LD_RUNPATH_SEARCH_PATHS = (
					"$(inherited)",
					"@executable_path/Frameworks",
					"@loader_path/Frameworks",
				);
				PRODUCT_BUNDLE_IDENTIFIER = "io.github.92pino.RxSwift-LoginTests";
				PRODUCT_NAME = "$(TARGET_NAME)";
				SWIFT_VERSION = 5.0;
				TARGETED_DEVICE_FAMILY = "1,2";
				TEST_HOST = "$(BUILT_PRODUCTS_DIR)/RxSwift-Login.app/Contents/MacOS/RxSwift-Login";
			};
			name = Debug;
		};
		8BEE632A25C2FE78004FE27E /* Release */ = {
			isa = XCBuildConfiguration;
			buildSettings = {
				ALWAYS_EMBED_SWIFT_STANDARD_LIBRARIES = YES;
				BUNDLE_LOADER = "$(TEST_HOST)";
				CODE_SIGN_STYLE = Automatic;
				DEVELOPMENT_TEAM = VB5KPC8TUV;
				INFOPLIST_FILE = "RxSwift-LoginTests/Info.plist";
				IPHONEOS_DEPLOYMENT_TARGET = 14.3;
				LD_RUNPATH_SEARCH_PATHS = (
					"$(inherited)",
					"@executable_path/Frameworks",
					"@loader_path/Frameworks",
				);
				PRODUCT_BUNDLE_IDENTIFIER = "io.github.92pino.RxSwift-LoginTests";
				PRODUCT_NAME = "$(TARGET_NAME)";
				SWIFT_VERSION = 5.0;
				TARGETED_DEVICE_FAMILY = "1,2";
				TEST_HOST = "$(BUILT_PRODUCTS_DIR)/RxSwift-Login.app/Contents/MacOS/RxSwift-Login";
			};
			name = Release;
		};
		8BEE632C25C2FE78004FE27E /* Debug */ = {
			isa = XCBuildConfiguration;
			buildSettings = {
				ALWAYS_EMBED_SWIFT_STANDARD_LIBRARIES = YES;
				CODE_SIGN_STYLE = Automatic;
				DEVELOPMENT_TEAM = VB5KPC8TUV;
				INFOPLIST_FILE = "RxSwift-LoginUITests/Info.plist";
				LD_RUNPATH_SEARCH_PATHS = (
					"$(inherited)",
					"@executable_path/Frameworks",
					"@loader_path/Frameworks",
				);
				PRODUCT_BUNDLE_IDENTIFIER = "io.github.92pino.RxSwift-LoginUITests";
				PRODUCT_NAME = "$(TARGET_NAME)";
				SWIFT_VERSION = 5.0;
				TARGETED_DEVICE_FAMILY = "1,2";
				TEST_TARGET_NAME = "RxSwift-Login";
			};
			name = Debug;
		};
		8BEE632D25C2FE78004FE27E /* Release */ = {
			isa = XCBuildConfiguration;
			buildSettings = {
				ALWAYS_EMBED_SWIFT_STANDARD_LIBRARIES = YES;
				CODE_SIGN_STYLE = Automatic;
				DEVELOPMENT_TEAM = VB5KPC8TUV;
				INFOPLIST_FILE = "RxSwift-LoginUITests/Info.plist";
				LD_RUNPATH_SEARCH_PATHS = (
					"$(inherited)",
					"@executable_path/Frameworks",
					"@loader_path/Frameworks",
				);
				PRODUCT_BUNDLE_IDENTIFIER = "io.github.92pino.RxSwift-LoginUITests";
				PRODUCT_NAME = "$(TARGET_NAME)";
				SWIFT_VERSION = 5.0;
				TARGETED_DEVICE_FAMILY = "1,2";
				TEST_TARGET_NAME = "RxSwift-Login";
			};
			name = Release;
		};
/* End XCBuildConfiguration section */

/* Begin XCConfigurationList section */
		8BEE62F625C2FE73004FE27E /* Build configuration list for PBXProject "RxSwift-Login" */ = {
			isa = XCConfigurationList;
			buildConfigurations = (
				8BEE632325C2FE78004FE27E /* Debug */,
				8BEE632425C2FE78004FE27E /* Release */,
			);
			defaultConfigurationIsVisible = 0;
			defaultConfigurationName = Release;
		};
		8BEE632525C2FE78004FE27E /* Build configuration list for PBXNativeTarget "RxSwift-Login" */ = {
			isa = XCConfigurationList;
			buildConfigurations = (
				8BEE632625C2FE78004FE27E /* Debug */,
				8BEE632725C2FE78004FE27E /* Release */,
			);
			defaultConfigurationIsVisible = 0;
			defaultConfigurationName = Release;
		};
		8BEE632825C2FE78004FE27E /* Build configuration list for PBXNativeTarget "RxSwift-LoginTests" */ = {
			isa = XCConfigurationList;
			buildConfigurations = (
				8BEE632925C2FE78004FE27E /* Debug */,
				8BEE632A25C2FE78004FE27E /* Release */,
			);
			defaultConfigurationIsVisible = 0;
			defaultConfigurationName = Release;
		};
		8BEE632B25C2FE78004FE27E /* Build configuration list for PBXNativeTarget "RxSwift-LoginUITests" */ = {
			isa = XCConfigurationList;
			buildConfigurations = (
				8BEE632C25C2FE78004FE27E /* Debug */,
				8BEE632D25C2FE78004FE27E /* Release */,
			);
			defaultConfigurationIsVisible = 0;
			defaultConfigurationName = Release;
		};
/* End XCConfigurationList section */
	};
	rootObject = 8BEE62F325C2FE73004FE27E /* Project object */;
}
