// !$*UTF8*$!
{
	archiveVersion = 1;
	classes = {
	};
	objectVersion = 51;
	objects = {

/* Begin PBXBuildFile section */
		3E6082574F8E794DB4611F6D /* Pods_RxSwift_Login_RxSwift_LoginUITests.framework in Frameworks */ = {isa = PBXBuildFile; fileRef = 0840F528759B035CD8583B0E /* Pods_RxSwift_Login_RxSwift_LoginUITests.framework */; };
		53093418F4C77AB5E1018FF6 /* Pods_RxSwift_Login.framework in Frameworks */ = {isa = PBXBuildFile; fileRef = 6621323A3EBF6515C77F78DA /* Pods_RxSwift_Login.framework */; };
		8B2BD4A225C3091A00D78E8C /* AppDelegate.swift in Sources */ = {isa = PBXBuildFile; fileRef = 8B2BD4A125C3091A00D78E8C /* AppDelegate.swift */; };
		8B2BD4A425C3091A00D78E8C /* SceneDelegate.swift in Sources */ = {isa = PBXBuildFile; fileRef = 8B2BD4A325C3091A00D78E8C /* SceneDelegate.swift */; };
		8B2BD4AB25C3091D00D78E8C /* Assets.xcassets in Resources */ = {isa = PBXBuildFile; fileRef = 8B2BD4AA25C3091D00D78E8C /* Assets.xcassets */; };
		8B2BD4AE25C3091D00D78E8C /* LaunchScreen.storyboard in Resources */ = {isa = PBXBuildFile; fileRef = 8B2BD4AC25C3091D00D78E8C /* LaunchScreen.storyboard */; };
		8B2BD4B925C3091D00D78E8C /* RxSwift_LoginTests.swift in Sources */ = {isa = PBXBuildFile; fileRef = 8B2BD4B825C3091D00D78E8C /* RxSwift_LoginTests.swift */; };
		8B2BD4C425C3091D00D78E8C /* RxSwift_LoginUITests.swift in Sources */ = {isa = PBXBuildFile; fileRef = 8B2BD4C325C3091D00D78E8C /* RxSwift_LoginUITests.swift */; };
		8B2BD4E625C309F900D78E8C /* LoginViewController.swift in Sources */ = {isa = PBXBuildFile; fileRef = 8B2BD4E525C309F900D78E8C /* LoginViewController.swift */; };
		FD30C8D10A9808CCB36261CA /* Pods_RxSwift_LoginTests.framework in Frameworks */ = {isa = PBXBuildFile; fileRef = EDBEA414FB3846AE3AFFC63E /* Pods_RxSwift_LoginTests.framework */; };
/* End PBXBuildFile section */

/* Begin PBXContainerItemProxy section */
		8B2BD4B525C3091D00D78E8C /* PBXContainerItemProxy */ = {
			isa = PBXContainerItemProxy;
			containerPortal = 8B2BD49625C3091A00D78E8C /* Project object */;
			proxyType = 1;
			remoteGlobalIDString = 8B2BD49D25C3091A00D78E8C;
			remoteInfo = "RxSwift-Login";
		};
		8B2BD4C025C3091D00D78E8C /* PBXContainerItemProxy */ = {
			isa = PBXContainerItemProxy;
			containerPortal = 8B2BD49625C3091A00D78E8C /* Project object */;
			proxyType = 1;
			remoteGlobalIDString = 8B2BD49D25C3091A00D78E8C;
			remoteInfo = "RxSwift-Login";
		};
/* End PBXContainerItemProxy section */

/* Begin PBXFileReference section */
		0840F528759B035CD8583B0E /* Pods_RxSwift_Login_RxSwift_LoginUITests.framework */ = {isa = PBXFileReference; explicitFileType = wrapper.framework; includeInIndex = 0; path = Pods_RxSwift_Login_RxSwift_LoginUITests.framework; sourceTree = BUILT_PRODUCTS_DIR; };
		27DE147009E06A262467C48F /* Pods-RxSwift-LoginTests.release.xcconfig */ = {isa = PBXFileReference; includeInIndex = 1; lastKnownFileType = text.xcconfig; name = "Pods-RxSwift-LoginTests.release.xcconfig"; path = "Target Support Files/Pods-RxSwift-LoginTests/Pods-RxSwift-LoginTests.release.xcconfig"; sourceTree = "<group>"; };
		5F3DA455663F0FD7C0A2FF7D /* Pods-RxSwift-Login.debug.xcconfig */ = {isa = PBXFileReference; includeInIndex = 1; lastKnownFileType = text.xcconfig; name = "Pods-RxSwift-Login.debug.xcconfig"; path = "Target Support Files/Pods-RxSwift-Login/Pods-RxSwift-Login.debug.xcconfig"; sourceTree = "<group>"; };
		6621323A3EBF6515C77F78DA /* Pods_RxSwift_Login.framework */ = {isa = PBXFileReference; explicitFileType = wrapper.framework; includeInIndex = 0; path = Pods_RxSwift_Login.framework; sourceTree = BUILT_PRODUCTS_DIR; };
		7E708B2C9A2076447381EC66 /* Pods-RxSwift-Login-RxSwift-LoginUITests.debug.xcconfig */ = {isa = PBXFileReference; includeInIndex = 1; lastKnownFileType = text.xcconfig; name = "Pods-RxSwift-Login-RxSwift-LoginUITests.debug.xcconfig"; path = "Target Support Files/Pods-RxSwift-Login-RxSwift-LoginUITests/Pods-RxSwift-Login-RxSwift-LoginUITests.debug.xcconfig"; sourceTree = "<group>"; };
		8B2BD49E25C3091A00D78E8C /* RxSwift-Login.app */ = {isa = PBXFileReference; explicitFileType = wrapper.application; includeInIndex = 0; path = "RxSwift-Login.app"; sourceTree = BUILT_PRODUCTS_DIR; };
		8B2BD4A125C3091A00D78E8C /* AppDelegate.swift */ = {isa = PBXFileReference; lastKnownFileType = sourcecode.swift; path = AppDelegate.swift; sourceTree = "<group>"; };
		8B2BD4A325C3091A00D78E8C /* SceneDelegate.swift */ = {isa = PBXFileReference; lastKnownFileType = sourcecode.swift; path = SceneDelegate.swift; sourceTree = "<group>"; };
		8B2BD4AA25C3091D00D78E8C /* Assets.xcassets */ = {isa = PBXFileReference; lastKnownFileType = folder.assetcatalog; path = Assets.xcassets; sourceTree = "<group>"; };
		8B2BD4AD25C3091D00D78E8C /* Base */ = {isa = PBXFileReference; lastKnownFileType = file.storyboard; name = Base; path = Base.lproj/LaunchScreen.storyboard; sourceTree = "<group>"; };
		8B2BD4AF25C3091D00D78E8C /* Info.plist */ = {isa = PBXFileReference; lastKnownFileType = text.plist.xml; path = Info.plist; sourceTree = "<group>"; };
		8B2BD4B425C3091D00D78E8C /* RxSwift-LoginTests.xctest */ = {isa = PBXFileReference; explicitFileType = wrapper.cfbundle; includeInIndex = 0; path = "RxSwift-LoginTests.xctest"; sourceTree = BUILT_PRODUCTS_DIR; };
		8B2BD4B825C3091D00D78E8C /* RxSwift_LoginTests.swift */ = {isa = PBXFileReference; lastKnownFileType = sourcecode.swift; path = RxSwift_LoginTests.swift; sourceTree = "<group>"; };
		8B2BD4BA25C3091D00D78E8C /* Info.plist */ = {isa = PBXFileReference; lastKnownFileType = text.plist.xml; path = Info.plist; sourceTree = "<group>"; };
		8B2BD4BF25C3091D00D78E8C /* RxSwift-LoginUITests.xctest */ = {isa = PBXFileReference; explicitFileType = wrapper.cfbundle; includeInIndex = 0; path = "RxSwift-LoginUITests.xctest"; sourceTree = BUILT_PRODUCTS_DIR; };
		8B2BD4C325C3091D00D78E8C /* RxSwift_LoginUITests.swift */ = {isa = PBXFileReference; lastKnownFileType = sourcecode.swift; path = RxSwift_LoginUITests.swift; sourceTree = "<group>"; };
		8B2BD4C525C3091D00D78E8C /* Info.plist */ = {isa = PBXFileReference; lastKnownFileType = text.plist.xml; path = Info.plist; sourceTree = "<group>"; };
		8B2BD4E525C309F900D78E8C /* LoginViewController.swift */ = {isa = PBXFileReference; lastKnownFileType = sourcecode.swift; path = LoginViewController.swift; sourceTree = "<group>"; };
		9E2CD154F7F5C4FC6486DDE1 /* Pods-RxSwift-Login-RxSwift-LoginUITests.release.xcconfig */ = {isa = PBXFileReference; includeInIndex = 1; lastKnownFileType = text.xcconfig; name = "Pods-RxSwift-Login-RxSwift-LoginUITests.release.xcconfig"; path = "Target Support Files/Pods-RxSwift-Login-RxSwift-LoginUITests/Pods-RxSwift-Login-RxSwift-LoginUITests.release.xcconfig"; sourceTree = "<group>"; };
		D298F4EF59F6A675967AB736 /* Pods-RxSwift-LoginTests.debug.xcconfig */ = {isa = PBXFileReference; includeInIndex = 1; lastKnownFileType = text.xcconfig; name = "Pods-RxSwift-LoginTests.debug.xcconfig"; path = "Target Support Files/Pods-RxSwift-LoginTests/Pods-RxSwift-LoginTests.debug.xcconfig"; sourceTree = "<group>"; };
		ECA46012C616ABD5FAAE2AA8 /* Pods-RxSwift-Login.release.xcconfig */ = {isa = PBXFileReference; includeInIndex = 1; lastKnownFileType = text.xcconfig; name = "Pods-RxSwift-Login.release.xcconfig"; path = "Target Support Files/Pods-RxSwift-Login/Pods-RxSwift-Login.release.xcconfig"; sourceTree = "<group>"; };
		EDBEA414FB3846AE3AFFC63E /* Pods_RxSwift_LoginTests.framework */ = {isa = PBXFileReference; explicitFileType = wrapper.framework; includeInIndex = 0; path = Pods_RxSwift_LoginTests.framework; sourceTree = BUILT_PRODUCTS_DIR; };
/* End PBXFileReference section */

/* Begin PBXFrameworksBuildPhase section */
		8B2BD49B25C3091A00D78E8C /* Frameworks */ = {
			isa = PBXFrameworksBuildPhase;
			buildActionMask = 2147483647;
			files = (
				53093418F4C77AB5E1018FF6 /* Pods_RxSwift_Login.framework in Frameworks */,
			);
			runOnlyForDeploymentPostprocessing = 0;
		};
		8B2BD4B125C3091D00D78E8C /* Frameworks */ = {
			isa = PBXFrameworksBuildPhase;
			buildActionMask = 2147483647;
			files = (
				FD30C8D10A9808CCB36261CA /* Pods_RxSwift_LoginTests.framework in Frameworks */,
			);
			runOnlyForDeploymentPostprocessing = 0;
		};
		8B2BD4BC25C3091D00D78E8C /* Frameworks */ = {
			isa = PBXFrameworksBuildPhase;
			buildActionMask = 2147483647;
			files = (
				3E6082574F8E794DB4611F6D /* Pods_RxSwift_Login_RxSwift_LoginUITests.framework in Frameworks */,
			);
			runOnlyForDeploymentPostprocessing = 0;
		};
/* End PBXFrameworksBuildPhase section */

/* Begin PBXGroup section */
		0AD6DE4A95CE18BEEB6AA37F /* Frameworks */ = {
			isa = PBXGroup;
			children = (
				6621323A3EBF6515C77F78DA /* Pods_RxSwift_Login.framework */,
				0840F528759B035CD8583B0E /* Pods_RxSwift_Login_RxSwift_LoginUITests.framework */,
				EDBEA414FB3846AE3AFFC63E /* Pods_RxSwift_LoginTests.framework */,
			);
			name = Frameworks;
			sourceTree = "<group>";
		};
		8B2BD49525C3091A00D78E8C = {
			isa = PBXGroup;
			children = (
				8B2BD4A025C3091A00D78E8C /* RxSwift-Login */,
				8B2BD4B725C3091D00D78E8C /* RxSwift-LoginTests */,
				8B2BD4C225C3091D00D78E8C /* RxSwift-LoginUITests */,
				8B2BD49F25C3091A00D78E8C /* Products */,
				B21905B69660F92ACBE6E352 /* Pods */,
				0AD6DE4A95CE18BEEB6AA37F /* Frameworks */,
			);
			sourceTree = "<group>";
		};
		8B2BD49F25C3091A00D78E8C /* Products */ = {
			isa = PBXGroup;
			children = (
				8B2BD49E25C3091A00D78E8C /* RxSwift-Login.app */,
				8B2BD4B425C3091D00D78E8C /* RxSwift-LoginTests.xctest */,
				8B2BD4BF25C3091D00D78E8C /* RxSwift-LoginUITests.xctest */,
			);
			name = Products;
			sourceTree = "<group>";
		};
		8B2BD4A025C3091A00D78E8C /* RxSwift-Login */ = {
			isa = PBXGroup;
			children = (
				8B2BD4A125C3091A00D78E8C /* AppDelegate.swift */,
				8B2BD4A325C3091A00D78E8C /* SceneDelegate.swift */,
				8B2BD4AA25C3091D00D78E8C /* Assets.xcassets */,
				8B2BD4AC25C3091D00D78E8C /* LaunchScreen.storyboard */,
				8B2BD4AF25C3091D00D78E8C /* Info.plist */,
				8B2BD4E525C309F900D78E8C /* LoginViewController.swift */,
			);
			path = "RxSwift-Login";
			sourceTree = "<group>";
		};
		8B2BD4B725C3091D00D78E8C /* RxSwift-LoginTests */ = {
			isa = PBXGroup;
			children = (
				8B2BD4B825C3091D00D78E8C /* RxSwift_LoginTests.swift */,
				8B2BD4BA25C3091D00D78E8C /* Info.plist */,
			);
			path = "RxSwift-LoginTests";
			sourceTree = "<group>";
		};
		8B2BD4C225C3091D00D78E8C /* RxSwift-LoginUITests */ = {
			isa = PBXGroup;
			children = (
				8B2BD4C325C3091D00D78E8C /* RxSwift_LoginUITests.swift */,
				8B2BD4C525C3091D00D78E8C /* Info.plist */,
			);
			path = "RxSwift-LoginUITests";
			sourceTree = "<group>";
		};
		B21905B69660F92ACBE6E352 /* Pods */ = {
			isa = PBXGroup;
			children = (
				5F3DA455663F0FD7C0A2FF7D /* Pods-RxSwift-Login.debug.xcconfig */,
				ECA46012C616ABD5FAAE2AA8 /* Pods-RxSwift-Login.release.xcconfig */,
				7E708B2C9A2076447381EC66 /* Pods-RxSwift-Login-RxSwift-LoginUITests.debug.xcconfig */,
				9E2CD154F7F5C4FC6486DDE1 /* Pods-RxSwift-Login-RxSwift-LoginUITests.release.xcconfig */,
				D298F4EF59F6A675967AB736 /* Pods-RxSwift-LoginTests.debug.xcconfig */,
				27DE147009E06A262467C48F /* Pods-RxSwift-LoginTests.release.xcconfig */,
			);
			path = Pods;
			sourceTree = "<group>";
		};
/* End PBXGroup section */

/* Begin PBXNativeTarget section */
		8B2BD49D25C3091A00D78E8C /* RxSwift-Login */ = {
			isa = PBXNativeTarget;
			buildConfigurationList = 8B2BD4C825C3091D00D78E8C /* Build configuration list for PBXNativeTarget "RxSwift-Login" */;
			buildPhases = (
				5994D549773103308F1BE8F6 /* [CP] Check Pods Manifest.lock */,
				8B2BD49A25C3091A00D78E8C /* Sources */,
				8B2BD49B25C3091A00D78E8C /* Frameworks */,
				8B2BD49C25C3091A00D78E8C /* Resources */,
				8167CF9078FD4AE6594636C7 /* [CP] Embed Pods Frameworks */,
			);
			buildRules = (
			);
			dependencies = (
			);
			name = "RxSwift-Login";
			productName = "RxSwift-Login";
			productReference = 8B2BD49E25C3091A00D78E8C /* RxSwift-Login.app */;
			productType = "com.apple.product-type.application";
		};
		8B2BD4B325C3091D00D78E8C /* RxSwift-LoginTests */ = {
			isa = PBXNativeTarget;
			buildConfigurationList = 8B2BD4CB25C3091D00D78E8C /* Build configuration list for PBXNativeTarget "RxSwift-LoginTests" */;
			buildPhases = (
				B2E233D4253AA294353239D1 /* [CP] Check Pods Manifest.lock */,
				8B2BD4B025C3091D00D78E8C /* Sources */,
				8B2BD4B125C3091D00D78E8C /* Frameworks */,
				8B2BD4B225C3091D00D78E8C /* Resources */,
			);
			buildRules = (
			);
			dependencies = (
				8B2BD4B625C3091D00D78E8C /* PBXTargetDependency */,
			);
			name = "RxSwift-LoginTests";
			productName = "RxSwift-LoginTests";
			productReference = 8B2BD4B425C3091D00D78E8C /* RxSwift-LoginTests.xctest */;
			productType = "com.apple.product-type.bundle.unit-test";
		};
		8B2BD4BE25C3091D00D78E8C /* RxSwift-LoginUITests */ = {
			isa = PBXNativeTarget;
			buildConfigurationList = 8B2BD4CE25C3091D00D78E8C /* Build configuration list for PBXNativeTarget "RxSwift-LoginUITests" */;
			buildPhases = (
				C97103E7643FE8FEE69FA1FD /* [CP] Check Pods Manifest.lock */,
				8B2BD4BB25C3091D00D78E8C /* Sources */,
				8B2BD4BC25C3091D00D78E8C /* Frameworks */,
				8B2BD4BD25C3091D00D78E8C /* Resources */,
				E30EEF053091F48B08B50034 /* [CP] Embed Pods Frameworks */,
			);
			buildRules = (
			);
			dependencies = (
				8B2BD4C125C3091D00D78E8C /* PBXTargetDependency */,
			);
			name = "RxSwift-LoginUITests";
			productName = "RxSwift-LoginUITests";
			productReference = 8B2BD4BF25C3091D00D78E8C /* RxSwift-LoginUITests.xctest */;
			productType = "com.apple.product-type.bundle.ui-testing";
		};
/* End PBXNativeTarget section */

/* Begin PBXProject section */
		8B2BD49625C3091A00D78E8C /* Project object */ = {
			isa = PBXProject;
			attributes = {
				LastSwiftUpdateCheck = 1240;
				LastUpgradeCheck = 1240;
				TargetAttributes = {
					8B2BD49D25C3091A00D78E8C = {
						CreatedOnToolsVersion = 12.4;
					};
					8B2BD4B325C3091D00D78E8C = {
						CreatedOnToolsVersion = 12.4;
						TestTargetID = 8B2BD49D25C3091A00D78E8C;
					};
					8B2BD4BE25C3091D00D78E8C = {
						CreatedOnToolsVersion = 12.4;
						TestTargetID = 8B2BD49D25C3091A00D78E8C;
					};
				};
			};
			buildConfigurationList = 8B2BD49925C3091A00D78E8C /* Build configuration list for PBXProject "RxSwift-Login" */;
			compatibilityVersion = "Xcode 9.3";
			developmentRegion = en;
			hasScannedForEncodings = 0;
			knownRegions = (
				en,
				Base,
			);
			mainGroup = 8B2BD49525C3091A00D78E8C;
			productRefGroup = 8B2BD49F25C3091A00D78E8C /* Products */;
			projectDirPath = "";
			projectRoot = "";
			targets = (
				8B2BD49D25C3091A00D78E8C /* RxSwift-Login */,
				8B2BD4B325C3091D00D78E8C /* RxSwift-LoginTests */,
				8B2BD4BE25C3091D00D78E8C /* RxSwift-LoginUITests */,
			);
		};
/* End PBXProject section */

/* Begin PBXResourcesBuildPhase section */
		8B2BD49C25C3091A00D78E8C /* Resources */ = {
			isa = PBXResourcesBuildPhase;
			buildActionMask = 2147483647;
			files = (
				8B2BD4AE25C3091D00D78E8C /* LaunchScreen.storyboard in Resources */,
				8B2BD4AB25C3091D00D78E8C /* Assets.xcassets in Resources */,
			);
			runOnlyForDeploymentPostprocessing = 0;
		};
		8B2BD4B225C3091D00D78E8C /* Resources */ = {
			isa = PBXResourcesBuildPhase;
			buildActionMask = 2147483647;
			files = (
			);
			runOnlyForDeploymentPostprocessing = 0;
		};
		8B2BD4BD25C3091D00D78E8C /* Resources */ = {
			isa = PBXResourcesBuildPhase;
			buildActionMask = 2147483647;
			files = (
			);
			runOnlyForDeploymentPostprocessing = 0;
		};
/* End PBXResourcesBuildPhase section */

/* Begin PBXShellScriptBuildPhase section */
		5994D549773103308F1BE8F6 /* [CP] Check Pods Manifest.lock */ = {
			isa = PBXShellScriptBuildPhase;
			buildActionMask = 2147483647;
			files = (
			);
			inputFileListPaths = (
			);
			inputPaths = (
				"${PODS_PODFILE_DIR_PATH}/Podfile.lock",
				"${PODS_ROOT}/Manifest.lock",
			);
			name = "[CP] Check Pods Manifest.lock";
			outputFileListPaths = (
			);
			outputPaths = (
				"$(DERIVED_FILE_DIR)/Pods-RxSwift-Login-checkManifestLockResult.txt",
			);
			runOnlyForDeploymentPostprocessing = 0;
			shellPath = /bin/sh;
			shellScript = "diff \"${PODS_PODFILE_DIR_PATH}/Podfile.lock\" \"${PODS_ROOT}/Manifest.lock\" > /dev/null\nif [ $? != 0 ] ; then\n    # print error to STDERR\n    echo \"error: The sandbox is not in sync with the Podfile.lock. Run 'pod install' or update your CocoaPods installation.\" >&2\n    exit 1\nfi\n# This output is used by Xcode 'outputs' to avoid re-running this script phase.\necho \"SUCCESS\" > \"${SCRIPT_OUTPUT_FILE_0}\"\n";
			showEnvVarsInLog = 0;
		};
		8167CF9078FD4AE6594636C7 /* [CP] Embed Pods Frameworks */ = {
			isa = PBXShellScriptBuildPhase;
			buildActionMask = 2147483647;
			files = (
			);
			inputFileListPaths = (
				"${PODS_ROOT}/Target Support Files/Pods-RxSwift-Login/Pods-RxSwift-Login-frameworks-${CONFIGURATION}-input-files.xcfilelist",
			);
			name = "[CP] Embed Pods Frameworks";
			outputFileListPaths = (
				"${PODS_ROOT}/Target Support Files/Pods-RxSwift-Login/Pods-RxSwift-Login-frameworks-${CONFIGURATION}-output-files.xcfilelist",
			);
			runOnlyForDeploymentPostprocessing = 0;
			shellPath = /bin/sh;
			shellScript = "\"${PODS_ROOT}/Target Support Files/Pods-RxSwift-Login/Pods-RxSwift-Login-frameworks.sh\"\n";
			showEnvVarsInLog = 0;
		};
		B2E233D4253AA294353239D1 /* [CP] Check Pods Manifest.lock */ = {
			isa = PBXShellScriptBuildPhase;
			buildActionMask = 2147483647;
			files = (
			);
			inputFileListPaths = (
			);
			inputPaths = (
				"${PODS_PODFILE_DIR_PATH}/Podfile.lock",
				"${PODS_ROOT}/Manifest.lock",
			);
			name = "[CP] Check Pods Manifest.lock";
			outputFileListPaths = (
			);
			outputPaths = (
				"$(DERIVED_FILE_DIR)/Pods-RxSwift-LoginTests-checkManifestLockResult.txt",
			);
			runOnlyForDeploymentPostprocessing = 0;
			shellPath = /bin/sh;
			shellScript = "diff \"${PODS_PODFILE_DIR_PATH}/Podfile.lock\" \"${PODS_ROOT}/Manifest.lock\" > /dev/null\nif [ $? != 0 ] ; then\n    # print error to STDERR\n    echo \"error: The sandbox is not in sync with the Podfile.lock. Run 'pod install' or update your CocoaPods installation.\" >&2\n    exit 1\nfi\n# This output is used by Xcode 'outputs' to avoid re-running this script phase.\necho \"SUCCESS\" > \"${SCRIPT_OUTPUT_FILE_0}\"\n";
			showEnvVarsInLog = 0;
		};
		C97103E7643FE8FEE69FA1FD /* [CP] Check Pods Manifest.lock */ = {
			isa = PBXShellScriptBuildPhase;
			buildActionMask = 2147483647;
			files = (
			);
			inputFileListPaths = (
			);
			inputPaths = (
				"${PODS_PODFILE_DIR_PATH}/Podfile.lock",
				"${PODS_ROOT}/Manifest.lock",
			);
			name = "[CP] Check Pods Manifest.lock";
			outputFileListPaths = (
			);
			outputPaths = (
				"$(DERIVED_FILE_DIR)/Pods-RxSwift-Login-RxSwift-LoginUITests-checkManifestLockResult.txt",
			);
			runOnlyForDeploymentPostprocessing = 0;
			shellPath = /bin/sh;
			shellScript = "diff \"${PODS_PODFILE_DIR_PATH}/Podfile.lock\" \"${PODS_ROOT}/Manifest.lock\" > /dev/null\nif [ $? != 0 ] ; then\n    # print error to STDERR\n    echo \"error: The sandbox is not in sync with the Podfile.lock. Run 'pod install' or update your CocoaPods installation.\" >&2\n    exit 1\nfi\n# This output is used by Xcode 'outputs' to avoid re-running this script phase.\necho \"SUCCESS\" > \"${SCRIPT_OUTPUT_FILE_0}\"\n";
			showEnvVarsInLog = 0;
		};
		E30EEF053091F48B08B50034 /* [CP] Embed Pods Frameworks */ = {
			isa = PBXShellScriptBuildPhase;
			buildActionMask = 2147483647;
			files = (
			);
			inputFileListPaths = (
				"${PODS_ROOT}/Target Support Files/Pods-RxSwift-Login-RxSwift-LoginUITests/Pods-RxSwift-Login-RxSwift-LoginUITests-frameworks-${CONFIGURATION}-input-files.xcfilelist",
			);
			name = "[CP] Embed Pods Frameworks";
			outputFileListPaths = (
				"${PODS_ROOT}/Target Support Files/Pods-RxSwift-Login-RxSwift-LoginUITests/Pods-RxSwift-Login-RxSwift-LoginUITests-frameworks-${CONFIGURATION}-output-files.xcfilelist",
			);
			runOnlyForDeploymentPostprocessing = 0;
			shellPath = /bin/sh;
			shellScript = "\"${PODS_ROOT}/Target Support Files/Pods-RxSwift-Login-RxSwift-LoginUITests/Pods-RxSwift-Login-RxSwift-LoginUITests-frameworks.sh\"\n";
			showEnvVarsInLog = 0;
		};
/* End PBXShellScriptBuildPhase section */

/* Begin PBXSourcesBuildPhase section */
		8B2BD49A25C3091A00D78E8C /* Sources */ = {
			isa = PBXSourcesBuildPhase;
			buildActionMask = 2147483647;
			files = (
				8B2BD4E625C309F900D78E8C /* LoginViewController.swift in Sources */,
				8B2BD4A225C3091A00D78E8C /* AppDelegate.swift in Sources */,
				8B2BD4A425C3091A00D78E8C /* SceneDelegate.swift in Sources */,
			);
			runOnlyForDeploymentPostprocessing = 0;
		};
		8B2BD4B025C3091D00D78E8C /* Sources */ = {
			isa = PBXSourcesBuildPhase;
			buildActionMask = 2147483647;
			files = (
				8B2BD4B925C3091D00D78E8C /* RxSwift_LoginTests.swift in Sources */,
			);
			runOnlyForDeploymentPostprocessing = 0;
		};
		8B2BD4BB25C3091D00D78E8C /* Sources */ = {
			isa = PBXSourcesBuildPhase;
			buildActionMask = 2147483647;
			files = (
				8B2BD4C425C3091D00D78E8C /* RxSwift_LoginUITests.swift in Sources */,
			);
			runOnlyForDeploymentPostprocessing = 0;
		};
/* End PBXSourcesBuildPhase section */

/* Begin PBXTargetDependency section */
		8B2BD4B625C3091D00D78E8C /* PBXTargetDependency */ = {
			isa = PBXTargetDependency;
			target = 8B2BD49D25C3091A00D78E8C /* RxSwift-Login */;
			targetProxy = 8B2BD4B525C3091D00D78E8C /* PBXContainerItemProxy */;
		};
		8B2BD4C125C3091D00D78E8C /* PBXTargetDependency */ = {
			isa = PBXTargetDependency;
			target = 8B2BD49D25C3091A00D78E8C /* RxSwift-Login */;
			targetProxy = 8B2BD4C025C3091D00D78E8C /* PBXContainerItemProxy */;
		};
/* End PBXTargetDependency section */

/* Begin PBXVariantGroup section */
		8B2BD4AC25C3091D00D78E8C /* LaunchScreen.storyboard */ = {
			isa = PBXVariantGroup;
			children = (
				8B2BD4AD25C3091D00D78E8C /* Base */,
			);
			name = LaunchScreen.storyboard;
			sourceTree = "<group>";
		};
/* End PBXVariantGroup section */

/* Begin XCBuildConfiguration section */
		8B2BD4C625C3091D00D78E8C /* Debug */ = {
			isa = XCBuildConfiguration;
			buildSettings = {
				ALWAYS_SEARCH_USER_PATHS = NO;
				CLANG_ANALYZER_NONNULL = YES;
				CLANG_ANALYZER_NUMBER_OBJECT_CONVERSION = YES_AGGRESSIVE;
				CLANG_CXX_LANGUAGE_STANDARD = "gnu++14";
				CLANG_CXX_LIBRARY = "libc++";
				CLANG_ENABLE_MODULES = YES;
				CLANG_ENABLE_OBJC_ARC = YES;
				CLANG_ENABLE_OBJC_WEAK = YES;
				CLANG_WARN_BLOCK_CAPTURE_AUTORELEASING = YES;
				CLANG_WARN_BOOL_CONVERSION = YES;
				CLANG_WARN_COMMA = YES;
				CLANG_WARN_CONSTANT_CONVERSION = YES;
				CLANG_WARN_DEPRECATED_OBJC_IMPLEMENTATIONS = YES;
				CLANG_WARN_DIRECT_OBJC_ISA_USAGE = YES_ERROR;
				CLANG_WARN_DOCUMENTATION_COMMENTS = YES;
				CLANG_WARN_EMPTY_BODY = YES;
				CLANG_WARN_ENUM_CONVERSION = YES;
				CLANG_WARN_INFINITE_RECURSION = YES;
				CLANG_WARN_INT_CONVERSION = YES;
				CLANG_WARN_NON_LITERAL_NULL_CONVERSION = YES;
				CLANG_WARN_OBJC_IMPLICIT_RETAIN_SELF = YES;
				CLANG_WARN_OBJC_LITERAL_CONVERSION = YES;
				CLANG_WARN_OBJC_ROOT_CLASS = YES_ERROR;
				CLANG_WARN_QUOTED_INCLUDE_IN_FRAMEWORK_HEADER = YES;
				CLANG_WARN_RANGE_LOOP_ANALYSIS = YES;
				CLANG_WARN_STRICT_PROTOTYPES = YES;
				CLANG_WARN_SUSPICIOUS_MOVE = YES;
				CLANG_WARN_UNGUARDED_AVAILABILITY = YES_AGGRESSIVE;
				CLANG_WARN_UNREACHABLE_CODE = YES;
				CLANG_WARN__DUPLICATE_METHOD_MATCH = YES;
				COPY_PHASE_STRIP = NO;
				DEBUG_INFORMATION_FORMAT = dwarf;
				ENABLE_STRICT_OBJC_MSGSEND = YES;
				ENABLE_TESTABILITY = YES;
				GCC_C_LANGUAGE_STANDARD = gnu11;
				GCC_DYNAMIC_NO_PIC = NO;
				GCC_NO_COMMON_BLOCKS = YES;
				GCC_OPTIMIZATION_LEVEL = 0;
				GCC_PREPROCESSOR_DEFINITIONS = (
					"DEBUG=1",
					"$(inherited)",
				);
				GCC_WARN_64_TO_32_BIT_CONVERSION = YES;
				GCC_WARN_ABOUT_RETURN_TYPE = YES_ERROR;
				GCC_WARN_UNDECLARED_SELECTOR = YES;
				GCC_WARN_UNINITIALIZED_AUTOS = YES_AGGRESSIVE;
				GCC_WARN_UNUSED_FUNCTION = YES;
				GCC_WARN_UNUSED_VARIABLE = YES;
				IPHONEOS_DEPLOYMENT_TARGET = 14.4;
				MTL_ENABLE_DEBUG_INFO = INCLUDE_SOURCE;
				MTL_FAST_MATH = YES;
				ONLY_ACTIVE_ARCH = YES;
				SDKROOT = iphoneos;
				SWIFT_ACTIVE_COMPILATION_CONDITIONS = DEBUG;
				SWIFT_OPTIMIZATION_LEVEL = "-Onone";
			};
			name = Debug;
		};
		8B2BD4C725C3091D00D78E8C /* Release */ = {
			isa = XCBuildConfiguration;
			buildSettings = {
				ALWAYS_SEARCH_USER_PATHS = NO;
				CLANG_ANALYZER_NONNULL = YES;
				CLANG_ANALYZER_NUMBER_OBJECT_CONVERSION = YES_AGGRESSIVE;
				CLANG_CXX_LANGUAGE_STANDARD = "gnu++14";
				CLANG_CXX_LIBRARY = "libc++";
				CLANG_ENABLE_MODULES = YES;
				CLANG_ENABLE_OBJC_ARC = YES;
				CLANG_ENABLE_OBJC_WEAK = YES;
				CLANG_WARN_BLOCK_CAPTURE_AUTORELEASING = YES;
				CLANG_WARN_BOOL_CONVERSION = YES;
				CLANG_WARN_COMMA = YES;
				CLANG_WARN_CONSTANT_CONVERSION = YES;
				CLANG_WARN_DEPRECATED_OBJC_IMPLEMENTATIONS = YES;
				CLANG_WARN_DIRECT_OBJC_ISA_USAGE = YES_ERROR;
				CLANG_WARN_DOCUMENTATION_COMMENTS = YES;
				CLANG_WARN_EMPTY_BODY = YES;
				CLANG_WARN_ENUM_CONVERSION = YES;
				CLANG_WARN_INFINITE_RECURSION = YES;
				CLANG_WARN_INT_CONVERSION = YES;
				CLANG_WARN_NON_LITERAL_NULL_CONVERSION = YES;
				CLANG_WARN_OBJC_IMPLICIT_RETAIN_SELF = YES;
				CLANG_WARN_OBJC_LITERAL_CONVERSION = YES;
				CLANG_WARN_OBJC_ROOT_CLASS = YES_ERROR;
				CLANG_WARN_QUOTED_INCLUDE_IN_FRAMEWORK_HEADER = YES;
				CLANG_WARN_RANGE_LOOP_ANALYSIS = YES;
				CLANG_WARN_STRICT_PROTOTYPES = YES;
				CLANG_WARN_SUSPICIOUS_MOVE = YES;
				CLANG_WARN_UNGUARDED_AVAILABILITY = YES_AGGRESSIVE;
				CLANG_WARN_UNREACHABLE_CODE = YES;
				CLANG_WARN__DUPLICATE_METHOD_MATCH = YES;
				COPY_PHASE_STRIP = NO;
				DEBUG_INFORMATION_FORMAT = "dwarf-with-dsym";
				ENABLE_NS_ASSERTIONS = NO;
				ENABLE_STRICT_OBJC_MSGSEND = YES;
				GCC_C_LANGUAGE_STANDARD = gnu11;
				GCC_NO_COMMON_BLOCKS = YES;
				GCC_WARN_64_TO_32_BIT_CONVERSION = YES;
				GCC_WARN_ABOUT_RETURN_TYPE = YES_ERROR;
				GCC_WARN_UNDECLARED_SELECTOR = YES;
				GCC_WARN_UNINITIALIZED_AUTOS = YES_AGGRESSIVE;
				GCC_WARN_UNUSED_FUNCTION = YES;
				GCC_WARN_UNUSED_VARIABLE = YES;
				IPHONEOS_DEPLOYMENT_TARGET = 14.4;
				MTL_ENABLE_DEBUG_INFO = NO;
				MTL_FAST_MATH = YES;
				SDKROOT = iphoneos;
				SWIFT_COMPILATION_MODE = wholemodule;
				SWIFT_OPTIMIZATION_LEVEL = "-O";
				VALIDATE_PRODUCT = YES;
			};
			name = Release;
		};
		8B2BD4C925C3091D00D78E8C /* Debug */ = {
			isa = XCBuildConfiguration;
			baseConfigurationReference = 5F3DA455663F0FD7C0A2FF7D /* Pods-RxSwift-Login.debug.xcconfig */;
			buildSettings = {
				ASSETCATALOG_COMPILER_APPICON_NAME = AppIcon;
				ASSETCATALOG_COMPILER_GLOBAL_ACCENT_COLOR_NAME = AccentColor;
				CODE_SIGN_STYLE = Automatic;
				DEVELOPMENT_TEAM = VB5KPC8TUV;
				INFOPLIST_FILE = "RxSwift-Login/Info.plist";
				LD_RUNPATH_SEARCH_PATHS = (
					"$(inherited)",
					"@executable_path/Frameworks",
				);
				PRODUCT_BUNDLE_IDENTIFIER = "io.github.92pino.RxSwift-Login";
				PRODUCT_NAME = "$(TARGET_NAME)";
				SWIFT_VERSION = 5.0;
				TARGETED_DEVICE_FAMILY = "1,2";
			};
			name = Debug;
		};
		8B2BD4CA25C3091D00D78E8C /* Release */ = {
			isa = XCBuildConfiguration;
			baseConfigurationReference = ECA46012C616ABD5FAAE2AA8 /* Pods-RxSwift-Login.release.xcconfig */;
			buildSettings = {
				ASSETCATALOG_COMPILER_APPICON_NAME = AppIcon;
				ASSETCATALOG_COMPILER_GLOBAL_ACCENT_COLOR_NAME = AccentColor;
				CODE_SIGN_STYLE = Automatic;
				DEVELOPMENT_TEAM = VB5KPC8TUV;
				INFOPLIST_FILE = "RxSwift-Login/Info.plist";
				LD_RUNPATH_SEARCH_PATHS = (
					"$(inherited)",
					"@executable_path/Frameworks",
				);
				PRODUCT_BUNDLE_IDENTIFIER = "io.github.92pino.RxSwift-Login";
				PRODUCT_NAME = "$(TARGET_NAME)";
				SWIFT_VERSION = 5.0;
				TARGETED_DEVICE_FAMILY = "1,2";
			};
			name = Release;
		};
		8B2BD4CC25C3091D00D78E8C /* Debug */ = {
			isa = XCBuildConfiguration;
			baseConfigurationReference = D298F4EF59F6A675967AB736 /* Pods-RxSwift-LoginTests.debug.xcconfig */;
			buildSettings = {
				ALWAYS_EMBED_SWIFT_STANDARD_LIBRARIES = YES;
				BUNDLE_LOADER = "$(TEST_HOST)";
				CODE_SIGN_STYLE = Automatic;
				DEVELOPMENT_TEAM = VB5KPC8TUV;
				INFOPLIST_FILE = "RxSwift-LoginTests/Info.plist";
				IPHONEOS_DEPLOYMENT_TARGET = 14.4;
				LD_RUNPATH_SEARCH_PATHS = (
					"$(inherited)",
					"@executable_path/Frameworks",
					"@loader_path/Frameworks",
				);
				PRODUCT_BUNDLE_IDENTIFIER = "io.github.92pino.RxSwift-LoginTests";
				PRODUCT_NAME = "$(TARGET_NAME)";
				SWIFT_VERSION = 5.0;
				TARGETED_DEVICE_FAMILY = "1,2";
				TEST_HOST = "$(BUILT_PRODUCTS_DIR)/RxSwift-Login.app/RxSwift-Login";
			};
			name = Debug;
		};
		8B2BD4CD25C3091D00D78E8C /* Release */ = {
			isa = XCBuildConfiguration;
			baseConfigurationReference = 27DE147009E06A262467C48F /* Pods-RxSwift-LoginTests.release.xcconfig */;
			buildSettings = {
				ALWAYS_EMBED_SWIFT_STANDARD_LIBRARIES = YES;
				BUNDLE_LOADER = "$(TEST_HOST)";
				CODE_SIGN_STYLE = Automatic;
				DEVELOPMENT_TEAM = VB5KPC8TUV;
				INFOPLIST_FILE = "RxSwift-LoginTests/Info.plist";
				IPHONEOS_DEPLOYMENT_TARGET = 14.4;
				LD_RUNPATH_SEARCH_PATHS = (
					"$(inherited)",
					"@executable_path/Frameworks",
					"@loader_path/Frameworks",
				);
				PRODUCT_BUNDLE_IDENTIFIER = "io.github.92pino.RxSwift-LoginTests";
				PRODUCT_NAME = "$(TARGET_NAME)";
				SWIFT_VERSION = 5.0;
				TARGETED_DEVICE_FAMILY = "1,2";
				TEST_HOST = "$(BUILT_PRODUCTS_DIR)/RxSwift-Login.app/RxSwift-Login";
			};
			name = Release;
		};
		8B2BD4CF25C3091D00D78E8C /* Debug */ = {
			isa = XCBuildConfiguration;
			baseConfigurationReference = 7E708B2C9A2076447381EC66 /* Pods-RxSwift-Login-RxSwift-LoginUITests.debug.xcconfig */;
			buildSettings = {
				ALWAYS_EMBED_SWIFT_STANDARD_LIBRARIES = YES;
				CODE_SIGN_STYLE = Automatic;
				DEVELOPMENT_TEAM = VB5KPC8TUV;
				INFOPLIST_FILE = "RxSwift-LoginUITests/Info.plist";
				LD_RUNPATH_SEARCH_PATHS = (
					"$(inherited)",
					"@executable_path/Frameworks",
					"@loader_path/Frameworks",
				);
				PRODUCT_BUNDLE_IDENTIFIER = "io.github.92pino.RxSwift-LoginUITests";
				PRODUCT_NAME = "$(TARGET_NAME)";
				SWIFT_VERSION = 5.0;
				TARGETED_DEVICE_FAMILY = "1,2";
				TEST_TARGET_NAME = "RxSwift-Login";
			};
			name = Debug;
		};
		8B2BD4D025C3091D00D78E8C /* Release */ = {
			isa = XCBuildConfiguration;
			baseConfigurationReference = 9E2CD154F7F5C4FC6486DDE1 /* Pods-RxSwift-Login-RxSwift-LoginUITests.release.xcconfig */;
			buildSettings = {
				ALWAYS_EMBED_SWIFT_STANDARD_LIBRARIES = YES;
				CODE_SIGN_STYLE = Automatic;
				DEVELOPMENT_TEAM = VB5KPC8TUV;
				INFOPLIST_FILE = "RxSwift-LoginUITests/Info.plist";
				LD_RUNPATH_SEARCH_PATHS = (
					"$(inherited)",
					"@executable_path/Frameworks",
					"@loader_path/Frameworks",
				);
				PRODUCT_BUNDLE_IDENTIFIER = "io.github.92pino.RxSwift-LoginUITests";
				PRODUCT_NAME = "$(TARGET_NAME)";
				SWIFT_VERSION = 5.0;
				TARGETED_DEVICE_FAMILY = "1,2";
				TEST_TARGET_NAME = "RxSwift-Login";
			};
			name = Release;
		};
/* End XCBuildConfiguration section */

/* Begin XCConfigurationList section */
		8B2BD49925C3091A00D78E8C /* Build configuration list for PBXProject "RxSwift-Login" */ = {
			isa = XCConfigurationList;
			buildConfigurations = (
				8B2BD4C625C3091D00D78E8C /* Debug */,
				8B2BD4C725C3091D00D78E8C /* Release */,
			);
			defaultConfigurationIsVisible = 0;
			defaultConfigurationName = Release;
		};
		8B2BD4C825C3091D00D78E8C /* Build configuration list for PBXNativeTarget "RxSwift-Login" */ = {
			isa = XCConfigurationList;
			buildConfigurations = (
				8B2BD4C925C3091D00D78E8C /* Debug */,
				8B2BD4CA25C3091D00D78E8C /* Release */,
			);
			defaultConfigurationIsVisible = 0;
			defaultConfigurationName = Release;
		};
		8B2BD4CB25C3091D00D78E8C /* Build configuration list for PBXNativeTarget "RxSwift-LoginTests" */ = {
			isa = XCConfigurationList;
			buildConfigurations = (
				8B2BD4CC25C3091D00D78E8C /* Debug */,
				8B2BD4CD25C3091D00D78E8C /* Release */,
			);
			defaultConfigurationIsVisible = 0;
			defaultConfigurationName = Release;
		};
		8B2BD4CE25C3091D00D78E8C /* Build configuration list for PBXNativeTarget "RxSwift-LoginUITests" */ = {
			isa = XCConfigurationList;
			buildConfigurations = (
				8B2BD4CF25C3091D00D78E8C /* Debug */,
				8B2BD4D025C3091D00D78E8C /* Release */,
			);
			defaultConfigurationIsVisible = 0;
			defaultConfigurationName = Release;
		};
/* End XCConfigurationList section */
	};
	rootObject = 8B2BD49625C3091A00D78E8C /* Project object */;
}
